{
  "name": "erc_clasp",
  "version": "1.0.0",
  "lockfileVersion": 1,
  "requires": true,
  "dependencies": {
    "@types/google-apps-script": {
      "version": "0.0.48",
      "resolved": "https://registry.npmjs.org/@types/google-apps-script/-/google-apps-script-0.0.48.tgz",
      "integrity": "sha512-0hZKXzpZZpCWdIVFYLQWdrH2JTo7t2SkozIZ0yb9YdGFUvEeFXf93PjUMMZ4p/WAgM/ftL505oqZ+riA6pYY2Q=="
    }
  }
}
