{
  "name": "erc_clasp",
  "version": "1.0.0",
  "lockfileVersion": 1,
  "requires": true,
  "dependencies": {
    "@types/google-apps-script": {
      "version": "0.0.49",
      "resolved": "https://registry.npmjs.org/@types/google-apps-script/-/google-apps-script-0.0.49.tgz",
      "integrity": "sha512-b1IK/YtPAppn2yWfMJ14bzGoLUw8FRW0vwjnZPVf+O3pheRf4bqQZu+UZGXNbbqy8GCDOuZSwR5ODtoTwP0Q1Q=="
    },
    "typescript": {
      "version": "3.3.3",
      "resolved": "https://registry.npmjs.org/typescript/-/typescript-3.3.3.tgz",
      "integrity": "sha512-Y21Xqe54TBVp+VDSNbuDYdGw0BpoR/Q6wo/+35M8PAU0vipahnyduJWirxxdxjsAkS7hue53x2zp8gz7F05u0A=="
    }
  }
}
